
Microsoft Visual Studio Solution File, Format Version 12.00
# Visual Studio Version 17
VisualStudioVersion = 17.1.32414.318
MinimumVisualStudioVersion = 10.0.40219.1
Project("{9092AA53-FB77-4645-B42D-1CCCA6BD08BD}") = "Node.js-and-Express-Photo-Selector-Application", "Node.js-and-Express-Photo-Selector-Application.njsproj", "{A94940C8-FF1E-44F7-BD7F-E63FE9858B41}"
EndProject
Global
	GlobalSection(SolutionConfigurationPlatforms) = preSolution
		Debug|Any CPU = Debug|Any CPU
		Release|Any CPU = Release|Any CPU
	EndGlobalSection
	GlobalSection(ProjectConfigurationPlatforms) = postSolution
		{A94940C8-FF1E-44F7-BD7F-E63FE9858B41}.Debug|Any CPU.ActiveCfg = Debug|Any CPU
		{A94940C8-FF1E-44F7-BD7F-E63FE9858B41}.Debug|Any CPU.Build.0 = Debug|Any CPU
		{A94940C8-FF1E-44F7-BD7F-E63FE9858B41}.Release|Any CPU.ActiveCfg = Release|Any CPU
		{A94940C8-FF1E-44F7-BD7F-E63FE9858B41}.Release|Any CPU.Build.0 = Release|Any CPU
	EndGlobalSection
	GlobalSection(SolutionProperties) = preSolution
		HideSolutionNode = FALSE
	EndGlobalSection
	GlobalSection(ExtensibilityGlobals) = postSolution
		SolutionGuid = {22FACC30-966B-4A64-B74F-B2B595F9EE38}
	EndGlobalSection
EndGlobal
